Microsoft Visual Studio Solution File, Format Version 12.00
# Visual Studio Version 17
VisualStudioVersion = 17.5.2.0
MinimumVisualStudioVersion = 10.0.40219.1
Project("{FAE04EC0-301F-11D3-BF4B-00C04F79EFBC}") = "Projeto API", "API\ProjetoAPI.csproj", "{68997CCA-DA9B-DD13-BFB8-64517F7C19BB}"
EndProject
Project("{FAE04EC0-301F-11D3-BF4B-00C04F79EFBC}") = "Test", "Test\Test.csproj", "{649FA574-4D32-4045-98B7-62BB4419853E}"
EndProject
Global
	GlobalSection(SolutionConfigurationPlatforms) = preSolution
		Debug|Any CPU = Debug|Any CPU
		Release|Any CPU = Release|Any CPU
	EndGlobalSection
	GlobalSection(ProjectConfigurationPlatforms) = postSolution
		{68997CCA-DA9B-DD13-BFB8-64517F7C19BB}.Debug|Any CPU.ActiveCfg = Debug|Any CPU
		{68997CCA-DA9B-DD13-BFB8-64517F7C19BB}.Debug|Any CPU.Build.0 = Debug|Any CPU
		{68997CCA-DA9B-DD13-BFB8-64517F7C19BB}.Release|Any CPU.ActiveCfg = Release|Any CPU
		{68997CCA-DA9B-DD13-BFB8-64517F7C19BB}.Release|Any CPU.Build.0 = Release|Any CPU
		{649FA574-4D32-4045-98B7-62BB4419853E}.Debug|Any CPU.ActiveCfg = Debug|Any CPU
		{649FA574-4D32-4045-98B7-62BB4419853E}.Debug|Any CPU.Build.0 = Debug|Any CPU
		{649FA574-4D32-4045-98B7-62BB4419853E}.Release|Any CPU.ActiveCfg = Release|Any CPU
		{649FA574-4D32-4045-98B7-62BB4419853E}.Release|Any CPU.Build.0 = Release|Any CPU
	EndGlobalSection
	GlobalSection(SolutionProperties) = preSolution
		HideSolutionNode = FALSE
	EndGlobalSection
	GlobalSection(ExtensibilityGlobals) = postSolution
		SolutionGuid = {C3A82CED-714D-403C-A57B-5FA87FEA7BB9}
	EndGlobalSection
EndGlobal
